
Microsoft Visual Studio Solution File, Format Version 12.00
# Visual Studio 2012
Project("{FAE04EC0-301F-11D3-BF4B-00C04F79EFBC}") = "Earlzplorer", "Earlzplorer\Earlzplorer.csproj", "{FBCB6E2D-F7A4-407C-BD77-41276E68BB1B}"
EndProject
Global
	GlobalSection(SolutionConfigurationPlatforms) = preSolution
		Debug|x86 = Debug|x86
		Release|x86 = Release|x86
	EndGlobalSection
	GlobalSection(ProjectConfigurationPlatforms) = postSolution
		{FBCB6E2D-F7A4-407C-BD77-41276E68BB1B}.Debug|x86.ActiveCfg = Debug|x86
		{FBCB6E2D-F7A4-407C-BD77-41276E68BB1B}.Debug|x86.Build.0 = Debug|x86
		{FBCB6E2D-F7A4-407C-BD77-41276E68BB1B}.Release|x86.ActiveCfg = Release|x86
		{FBCB6E2D-F7A4-407C-BD77-41276E68BB1B}.Release|x86.Build.0 = Release|x86
	EndGlobalSection
	GlobalSection(MonoDevelopProperties) = preSolution
		StartupItem = Earlzplorer\Earlzplorer.csproj
	EndGlobalSection
EndGlobal
